lockfileVersion: '9.0'

settings:
  autoInstallPeers: true
  excludeLinksFromLockfile: false

importers:

  .:
    dependencies:
      '@supabase/supabase-js':
        specifier: ^2.57.0
        version: 2.117.2
      idb:
        specifier: ^8.0.3
        version: 8.0.3
    devDependencies:
      jszip:
        specifier: ^3.10.2
        version: 3.10.2
      supabase:
        specifier: ^2.119.0
        version: 2.119.0
      vite:
        specifier: ^7.1.7
        version: 7.3.6

packages:

  '@ecies/ciphers@0.2.6':
    resolution: {integrity: sha512-patgsRPKGkhhoBjETV4XxD0En4ui5fbX0hzayqI3M8tvNMGUoUvmyYAIWwlxBc1KX5cturfqByYdj5bYGRpN9g==}
    engines: {bun: '>=1', deno: '>=2.7.10', node: '>=16'}
    peerDependencies:
      '@noble/ciphers': ^1.0.0

  '@esbuild/aix-ppc64@0.28.2':
    resolution: {integrity: sha512-XExcO+dvLKvVtNTibSTBej1NCAbaGhWn9Ww1ZPx80qsahhPFe/8jgWP0IchNe0F3HwkU7n8ejhH8bjonqht8mQ==}
    engines: {node: '>=18'}
    cpu: [ppc64]
    os: [aix]

  '@esbuild/android-arm64@0.28.2':
    resolution: {integrity: sha512-5YfKeeI8qWfBZIX+u2xZC3Zlb3Os/gLS2sbEKM+I4ZOcsWmHS2WLysCcQZDAFRslDUU5Oiq44gf6PYN1vGwG5A==}
    engines: {node: '>=18'}
    cpu: [arm64]
    os: [android]

  '@esbuild/android-arm@0.28.2':
    resolution: {integrity: sha512-kXXoiPVVGQcnIYGOeaovwOURpniDBpSq4A03qkQ+BMQqtGG6HYap3xne9C1O1yo4TR3qxlCX5IqqmX6fFo2Lqg==}
    engines: {node: '>=18'}
    cpu: [arm]
    os: [android]

  '@esbuild/android-x64@0.28.2':
    resolution: {integrity: sha512-O387ite7SzUyCcy3JQX4P4bLtEA7bLLkx+esve5JHnyYfNTxcVpXZo9jhdB0lTKN44gztELTdU7nS8Nr16Fs1Q==}
    engines: {node: '>=18'}
    cpu: [x64]
    os: [android]

  '@esbuild/darwin-arm64@0.28.2':
    resolution: {integrity: sha512-n4KqkOQrraxHJcgjM1RvwbigfQKIKJVpM7xp+KsxiyUSrRdIXnt73VhrPAx0fV44hgfmIVKjxMN9J1t5jySVkw==}
    engines: {node: '>=18'}
    cpu: [arm64]
    os: [darwin]

  '@esbuild/darwin-x64@0.28.2':
    resolution: {integrity: sha512-uq6suIWYP37qzGddBKPw5QEQPi6HiLGsO7UmkpfyaYNQ3D+rN6w6WfwH+nuqcGXWvawGwxOEroO4YGnFh95azw==}
    engines: {node: '>=18'}
    cpu: [x64]
    os: [darwin]

  '@esbuild/freebsd-arm64@0.28.2':
    resolution: {integrity: sha512-n+I0BTSRIoy+d6RPKnEVwql5UwBJolytvY4mAOIEJorKlqgPII8ix6slVVrfZ5Tnj7glIZvloylbB/EJPMWEXw==}
    engines: {node: '>=18'}
    cpu: [arm64]
    os: [freebsd]

  '@esbuild/freebsd-x64@0.28.2':
    resolution: {integrity: sha512-78XJTJkvPs0kz2w61301PJjXl4g7q3JqiYMZ/M/yVI73EHBrCRTgkhu9oqG7vPqq+a/yadEW8aD+agKlk5xrmg==}
    engines: {node: '>=18'}
    cpu: [x64]
    os: [freebsd]

  '@esbuild/linux-arm64@0.28.2':
    resolution: {integrity: sha512-pW4AC0P3it8c7do9MVM4p51FzHzdM/TZrerurgRcHJ2WTa1VQ1CIq18xncfpBJw4ojkiZZrKW2yIBWBP92j6Ug==}
    engines: {node: '>=18'}
    cpu: [arm64]
    os: [linux]

  '@esbuild/linux-arm@0.28.2':
    resolution: {integrity: sha512-XlDnu2q5yoqems+xay6wSAcg9DDD7K9RLKZEBOMZm3ckNpJBvOX20tSfby8KfrrhINDyv9V2YVZKY/SpoGJI8w==}
    engines: {node: '>=18'}
    cpu: [arm]
    os: [linux]

  '@esbuild/linux-ia32@0.28.2':
    resolution: {integrity: sha512-CYbnj78HsIeA+DhgUKgFCfvNsTHFhMMrinUrMZpDXJXKN8T3XViTZ/+wtHeVxEWY8ewSzTFN+nRmSwO2tZaLUQ==}
    engines: {node: '>=18'}
    cpu: [ia32]
    os: [linux]

  '@esbuild/linux-loong64@0.28.2':
    resolution: {integrity: sha512-buwkd8nsph4R+ajRvw0qM5Hja/TXQow3ptzWO2EbG/cqcIkHloRrdlBtQlshyYGTNFvfkfJ5tpPLVkY4DtsPfQ==}
    engines: {node: '>=18'}
    cpu: [loong64]
    os: [linux]

  '@esbuild/linux-mips64el@0.28.2':
    resolution: {integrity: sha512-ZVykbDyk7519VwiNb9Lcj9m8XM6v5V9uKPvrEMkkEedVewf+0itkhahp4HDpgERXhwLRpWFypsGbG/J8s0QjJA==}
    engines: {node: '>=18'}
    cpu: [mips64el]
    os: [linux]

  '@esbuild/linux-ppc64@0.28.2':
    resolution: {integrity: sha512-CAXl+Dtd9UUuJd8pKKdwh6MLm3MUMiqMPmhZ3tTSXPqfyQ3vDl6R5hZdZ/kYojK4ofXtdfSv1tFq8XzWx3heNQ==}
    engines: {node: '>=18'}
    cpu: [ppc64]
    os: [linux]

  '@esbuild/linux-riscv64@0.28.2':
    resolution: {integrity: sha512-GeXCej4IQtU1B+QlDV8W/RRvbzI3O/Stss+/bCXv4lZls5WGRtu2a+3JkA3i4qIUlMXpcHebWpF8AkJhATowuA==}
    engines: {node: '>=18'}
    cpu: [riscv64]
    os: [linux]

  '@esbuild/linux-s390x@0.28.2':
    resolution: {integrity: sha512-3H1weTYZPxt/WOhByszQZybS9w5lKzUn1FDMsgEChbHWQwHYQQRfBxgCcZvPhjHfKyJjIievvMmEUawJrdY9Dg==}
    engines: {node: '>=18'}
    cpu: [s390x]
    os: [linux]

  '@esbuild/linux-x64@0.28.2':
    resolution: {integrity: sha512-4xTZr1FUmSoQW4XIWmit3tzQrUTZM+N3P0XV8xROKYF50XfI7xeO90+1bZvNwxIufQ9hDQVRJH5YhgPVF8A/HQ==}
    engines: {node: '>=18'}
    cpu: [x64]
    os: [linux]

  '@esbuild/netbsd-arm64@0.28.2':
    resolution: {integrity: sha512-sSATRjPeDBg3pdgHoQfoYBob11Kk1FGa9lui5RIHZCoCkJa9QKlvl3/vKz2usCmYYjs7ymJR/2Nnsqe+Hjt5nw==}
    engines: {node: '>=18'}
    cpu: [arm64]
    os: [netbsd]

  '@esbuild/netbsd-x64@0.28.2':
    resolution: {integrity: sha512-lqnzCV+mM0gIADaKihiCg6ifgfU2L3h5E33rNQBN1Y4MaVGnzryzmvvf7UHxprpQdE8hpqLolJ9Rl+SkIRDpyw==}
    engines: {node: '>=18'}
    cpu: [x64]
    os: [netbsd]

  '@esbuild/openbsd-arm64@0.28.2':
    resolution: {integrity: sha512-AL2qJILH7lNjrDmCQDvdxMfAUIv8KMNZOvrwAQ8i8//ntL9FflhOyMJ8OZSMBb8/AWXe3/5v5S20y3zCoZWKoQ==}
    engines: {node: '>=18'}
    cpu: [arm64]
    os: [openbsd]

  '@esbuild/openbsd-x64@0.28.2':
    resolution: {integrity: sha512-QtiuPytchRyC4rwUKhexJdQKvDuZ6hWloi3igqPQNUJCS1/v9EiO3UTOXR6A3FoMo4fnAKbWJdqaIwhOzh8qEw==}
    engines: {node: '>=18'}
    cpu: [x64]
    os: [openbsd]

  '@esbuild/openharmony-arm64@0.28.2':
    resolution: {integrity: sha512-WkhYDmpTjLvGlScA1rwjRUmhl4k8oXR3cIbtqWmELgU/dFeHHlEllxDvdWcNJV9rbzCexB5vz8gtNewWLgCT7Q==}
    engines: {node: '>=18'}
    cpu: [arm64]
    os: [openharmony]

  '@esbuild/sunos-x64@0.28.2':
    resolution: {integrity: sha512-GPMSkTOtMnv2U2F8gxe4Io6qmVs+YKyp832Etqqxr0hFngmXQ3rzwytelm3GIn7T4VviRUlf3sOgBOiTdvaf7g==}
    engines: {node: '>=18'}
    cpu: [x64]
    os: [sunos]

  '@esbuild/win32-arm64@0.28.2':
    resolution: {integrity: sha512-PIhhEkE9uPBleRBrQEJpUn7MBnibZzbGzYWPmY3x+YoVg/95zbjB4CxPPOQ8l5tYYM4mMaCthF8/1DIfBQQyWQ==}
    engines: {node: '>=18'}
    cpu: [arm64]
    os: [win32]

  '@esbuild/win32-ia32@0.28.2':
    resolution: {integrity: sha512-YmJbfTlvU7Sdn9BB+4PRES4oB6pxgS37MAONj+hBr/cpXS1aBPKXxNnDbu+QCWPj0o9dgyxeq79g6c5P8KeuYA==}
    engines: {node: '>=18'}
    cpu: [ia32]
    os: [win32]

  '@esbuild/win32-x64@0.28.2':
    resolution: {integrity: sha512-5ebpxr3nWMzrL/rnUI755Jkuee0bHL/Gq0WTF9lvcpv73wAp5eu8MfBUgWK9bhWvZjj7yX8etf/8tI8Ney695g==}
    engines: {node: '>=18'}
    cpu: [x64]
    os: [win32]

  '@napi-rs/lzma-linux-x64-gnu@1.5.1':
    resolution: {integrity: sha512-oTXEIha4SsuXdTA4Iyskj0kpdx2yVXdhd75c2v3xGrHFfVMsbhTPZU/nMPL4sWKo4pBHm3aucLaqGlF696dTyQ==}
    engines: {node: ^22.20 || ^24.12 || >=25}
    cpu: [x64]
    os: [linux]
    libc: [glibc]

  '@noble/ciphers@1.3.0':
    resolution: {integrity: sha512-2I0gnIVPtfnMw9ee9h1dJG7tp81+8Ob3OJb3Mv37rx5L40/b0i7djjCVvGOVqc9AEIQyvyu1i6ypKdFw8R8gQw==}
    engines: {node: ^14.21.3 || >=16}

  '@noble/curves@1.9.7':
    resolution: {integrity: sha512-gbKGcRUYIjA3/zCCNaWDciTMFI0dCkvou3TL8Zmy5Nc7sJ47a0jtOeZoTaMxkuqRo9cRhjOdZJXegxYE5FN/xw==}
    engines: {node: ^14.21.3 || >=16}

  '@noble/hashes@1.8.0':
    resolution: {integrity: sha512-jCs9ldd7NwzpgXDIf6P3+NrHh9/sD6CQdxHyjQI+h/6rDNo88ypBxxz45UDuZHz9r3tNz7N/VInSVoVdtXEI4A==}
    engines: {node: ^14.21.3 || >=16}

  '@rollup/rollup-android-arm-eabi@4.64.0':
    resolution: {integrity: sha512-FLLpX941CD/7aBvX3GqLGBM9OvY5PGXTryPJkG5r5/OuBpZpV5k45Uo3RxAvqd35tsyc3hH1bhtz921IKzoIzg==}
    cpu: [arm]
    os: [android]

  '@rollup/rollup-android-arm64@4.64.0':
    resolution: {integrity: sha512-iI32XM/jnDYJsvx5ai/za/7gWO9XoSeFFtU06/ZCaRgyilfJOjaopD3nOpk2WrTCGOyeDt4hleUiGOAnd5tHNg==}
    cpu: [arm64]
    os: [android]

  '@rollup/rollup-darwin-arm64@4.64.0':
    resolution: {integrity: sha512-dRBZlbt2sEtF8Mn4MODThze9fIPdDoOhVSlXMAKy5dQbOYK9pOOoPY4Fat3OTtr0+8zbJo5TTZwlsfxY/kDNJg==}
    cpu: [arm64]
    os: [darwin]

  '@rollup/rollup-darwin-x64@4.64.0':
    resolution: {integrity: sha512-Y3whrJOMucfkhgNkvcM93M6j8C53iEAMmPMYD99C6G1kUy4ELigLWk9ar2/4aCBSRgsql0zdlOemLgW2m5GZgQ==}
    cpu: [x64]
    os: [darwin]

  '@rollup/rollup-freebsd-arm64@4.64.0':
    resolution: {integrity: sha512-S6S1GEzPjFF6IONYJX3AKt/799+8RgBgCcwRnUo+Ep1IvBxUbw5M51iU0TDdK2NWWVnSvCQ8yi6Em0fGASMOng==}
    cpu: [arm64]
    os: [freebsd]

  '@rollup/rollup-freebsd-x64@4.64.0':
    resolution: {integrity: sha512-Ed1DPoFENkXj4IGzSB12SesV40iP6LxCCrbTIkSGIQBpOOxpBM+0kj62lmaeIHfMWTDoddqTOtqc7s8LYfn+Pw==}
    cpu: [x64]
    os: [freebsd]

  '@rollup/rollup-linux-arm-gnueabihf@4.64.0':
    resolution: {integrity: sha512-J/6xhutJPtFyIkmHdf4olOdHHKH5kOJNumojdWn+Elv5ICEYTVOa362Vw27TxsK0BLzb1le3EDlO3UbvFK1lnQ==}
    cpu: [arm]
    os: [linux]
    libc: [glibc]

  '@rollup/rollup-linux-arm-musleabihf@4.64.0':
    resolution: {integrity: sha512-G4L/Nnx59d2LvDoV/P4S5lZ7oVLT6hodOHMacqjiq2LL2gts86KbkEBTYL53+fBt0odhf7XPIbIATGoYiJctxg==}
    cpu: [arm]
    os: [linux]
    libc: [musl]

  '@rollup/rollup-linux-arm64-gnu@4.64.0':
    resolution: {integrity: sha512-zF16pvJDEUksGYRbfnXne7pdklAyj2XDmJeYKgP93oq0cUyX9Y8O7lUo1R+IY1GagP/YBvCEDCe7eEcAKpw//g==}
    cpu: [arm64]
    os: [linux]
    libc: [glibc]

  '@rollup/rollup-linux-arm64-musl@4.64.0':
    resolution: {integrity: sha512-nIggWn8n+w12+R5lsV+PYYoUY8vuObxPAQqJI7WES+9v0qspYuAHoZMfYM0yLxlipasT5BY9ht5W8t5c/rSCkg==}
    cpu: [arm64]
    os: [linux]
    libc: [musl]

  '@rollup/rollup-linux-loong64-gnu@4.64.0':
    resolution: {integrity: sha512-WLOTiHPzszP0dxIMsHpFeDSOSB5I49Mj8K4+yKE3H1X/D0JRG5XZ5jrctJLMjnUc/LUzaKiwq6EHWNJ8pup8PA==}
    cpu: [loong64]
    os: [linux]
    libc: [glibc]

  '@rollup/rollup-linux-loong64-musl@4.64.0':
    resolution: {integrity: sha512-35RK9aRhh7g7Pmeu5gQ01aCvrhXzj9LoBE6xtUcEH1ns+nyTaSzxSpADmBQINu4QiTDGvmQYwo1j5hlg1rRXFw==}
    cpu: [loong64]
    os: [linux]
    libc: [musl]

  '@rollup/rollup-linux-ppc64-gnu@4.64.0':
    resolution: {integrity: sha512-RqTfnpoTjuWfPAmqK5p2edt2AMCDJWm6oTn7sKfmyx+6tRga0ip05SJ977o6udTcIiDeF/CJMUfkaN4gtWt6Aw==}
    cpu: [ppc64]
    os: [linux]
    libc: [glibc]

  '@rollup/rollup-linux-ppc64-musl@4.64.0':
    resolution: {integrity: sha512-RQjZPigjxFvFZDijG6rjlSXxhRaTf9zLYVpGK+lVcga64oMqP1GbgVqCb46eHTTceSIgp89Ja0y5aPe3GFBYHg==}
    cpu: [ppc64]
    os: [linux]
    libc: [musl]

  '@rollup/rollup-linux-riscv64-gnu@4.64.0':
    resolution: {integrity: sha512-tjL58mgQcTRnDRpeky+Sth1MKQeYi2Ct6r3Luq9E5aTSjnM/i/JbozqZkKqp9thM5+oDSZxo+05f9kdQedfTGA==}
    cpu: [riscv64]
    os: [linux]
    libc: [glibc]

  '@rollup/rollup-linux-riscv64-musl@4.64.0':
    resolution: {integrity: sha512-ictoRyVaoZ8C67myHef+8hhCa6IplXJJ/xUCkVCxziV4zxMZh+jvhkhGsPBLqj1S72fnqD0QH5zL4lcaa4X7DQ==}
    cpu: [riscv64]
    os: [linux]
    libc: [musl]

  '@rollup/rollup-linux-s390x-gnu@4.64.0':
    resolution: {integrity: sha512-8aVvZ2hfr9RLFzBQkQNmYeHLDja8fLeQAmLt757zdKN/B+8L809KlLJKctQjS22wZotptV8G6o7fVPuAs8S1tQ==}
    cpu: [s390x]
    os: [linux]
    libc: [glibc]

  '@rollup/rollup-linux-x64-gnu@4.64.0':
    resolution: {integrity: sha512-2dEF8GAcDKwshUfydD+GhosppNyBzhVUHkdFF3CXd3FpOkzj/RZzF5aoEtzklujklT5qFVRU2GK/cFeLaTNKVg==}
    cpu: [x64]
    os: [linux]
    libc: [glibc]

  '@rollup/rollup-linux-x64-musl@4.64.0':
    resolution: {integrity: sha512-3XHTvoo2hKkh0MiOfS7SkhHjMaaWF7P4F3drocZZaho/Z8w7h/jpnuBHm91BOQLfvrKHs1yR+zir4E8RI3XzTQ==}
    cpu: [x64]
    os: [linux]
    libc: [musl]

  '@rollup/rollup-openbsd-x64@4.64.0':
    resolution: {integrity: sha512-HKtkzodL4a3KFWDXDoO61cRynAWTR3LnAE0oGtfG9lcNFpNuVYUFOByxDgNqEvic9rvaQbAj+SFwTEWDptRaIw==}
    cpu: [x64]
    os: [openbsd]

  '@rollup/rollup-openharmony-arm64@4.64.0':
    resolution: {integrity: sha512-JBsxqiY16uyyCujtoC3s7zL+SrYyNElptD7K4V+KUoJ2V8/XG3hPWpheK+SuPwNh1cikJvIZmIdsrYXvD6PLJw==}
    cpu: [arm64]
    os: [openharmony]

  '@rollup/rollup-win32-arm64-msvc@4.64.0':
    resolution: {integrity: sha512-S5Qrijh37qhnUYQ0ay8WN3LuWeKjow7wTUyCOPMZtnXiBXYXdsZETI6ZLfYnQAKovltckPLBFdNeD61P2rJc7g==}
    cpu: [arm64]
    os: [win32]

  '@rollup/rollup-win32-ia32-msvc@4.64.0':
    resolution: {integrity: sha512-zbZ6iMmLFEsCtTdc2/y1F/cDFVNNCPF7Ae8PCT/wdPE//hGwYp6r+MyCLMFX+kOeIe09Pz6ASfnnfpSTN1FJQQ==}
    cpu: [ia32]
    os: [win32]

  '@rollup/rollup-win32-x64-gnu@4.64.0':
    resolution: {integrity: sha512-L6Hw69oNpuYaOr1zCG30v0/DqKYCSRwodPGwIcVZ/6f8SOzq9rxtL/xNVI5MO4wjli+Ko0ErK9uHJL3mNPt8wQ==}
    cpu: [x64]
    os: [win32]

  '@rollup/rollup-win32-x64-msvc@4.64.0':
    resolution: {integrity: sha512-nl+CTWIgOGszQmUz/kanfgrfFZ4qiwxKIfT/ryl3N3Ewk5tqizmYtNXiqb7Bu/fDtNgu1kyxdFiAUJNur3iysg==}
    cpu: [x64]
    os: [win32]

  '@supabase/auth-js@2.117.2':
    resolution: {integrity: sha512-Z3WnGwrphYZubrLbxp5Iv0tLA9A5GhvKzJ/ZXglxqwd2QEH2R4dXRltjVJ8sIn4xEW2BSFIGT0yALVJIgZeDYw==}
    engines: {node: '>=22.0.0'}

  '@supabase/cli-darwin-arm64@2.119.0':
    resolution: {integrity: sha512-aE6X1J85zXZepvyKMOVWJXK8UqI+J0eAYBWadPBxs0vlbZyvdDPueaNk+zF2fGXlcmfUYA+0VNFfsbT6SOM7Tw==}
    cpu: [arm64]
    os: [darwin]

  '@supabase/cli-darwin-x64@2.119.0':
    resolution: {integrity: sha512-9KqK67n3uVDGWSBZHsoOD6kt9/vKIupSNfJFJrrHUwjgYL7PaIFZPiwmV9EIfNA3t8fTsItkwZbll/jlKUTk5A==}
    cpu: [x64]
    os: [darwin]

  '@supabase/cli-linux-arm64-musl@2.119.0':
    resolution: {integrity: sha512-IzMx3iBhgrKMh9SGjr/AmUzC7hHC/fmz67Q/3sgG3Wkzrz8vo8r4XzNwoZS7UTfgGl33N+B0rg3T4z/Fd6V5Hg==}
    cpu: [arm64]
    os: [linux]
    libc: [musl]

  '@supabase/cli-linux-arm64@2.119.0':
    resolution: {integrity: sha512-IxpN8nFJq4n2DoaYjTORG5cNOsk9y+2wrvfce3F1f/p6+DEibneIRmE/dHXxh78m+rchMM2sPs0HAdgVkn6GQg==}
    cpu: [arm64]
    os: [linux]
    libc: [glibc]

  '@supabase/cli-linux-x64-musl@2.119.0':
    resolution: {integrity: sha512-mshS7qFFNb3O3M+K9YG9MJXPmkeVoaWwWy74g28t059yevlVa/YG1VsJdr2LzEgNzJgx8SIt31qO7QOZlCDyDw==}
    cpu: [x64]
    os: [linux]
    libc: [musl]

  '@supabase/cli-linux-x64@2.119.0':
    resolution: {integrity: sha512-JEcYXk8DFgjVcVOf4zfYpSYUjhjxz87nApqdECtRA8pf6kmmImSYzkE9f8ajhm9srELP4kPkz+C/Jdd2Tqb8Lw==}
    cpu: [x64]
    os: [linux]
    libc: [glibc]

  '@supabase/cli-windows-arm64@2.119.0':
    resolution: {integrity: sha512-I7oJyBUYe6WkFP5jXCIo69+7HYMEvDGGAIegfrF0nFyIG48gDPDPnysouUhqXWJGYiXZ/L7/j4gWQ1Lek/559w==}
    cpu: [arm64]
    os: [win32]

  '@supabase/cli-windows-x64@2.119.0':
    resolution: {integrity: sha512-8H4qLrFYColfm7NhxeXrB81sEJkNwc9OR1tr0a5nj0aO0KevD1EuaPIRlnHpvXLN8UR+4l3DmwUX2cDlVwHYKA==}
    cpu: [x64]
    os: [win32]

  '@supabase/functions-js@2.117.2':
    resolution: {integrity: sha512-6DT4ZIjmZxa9ANKaBIrjc86AyKrX8M376ynvNeOBBVad3eP7x3UHqWfDR2ynFkHGzCuOpr1A+kObmnahxuwuog==}
    engines: {node: '>=22.0.0'}

  '@supabase/phoenix@0.4.5':
    resolution: {integrity: sha512-aAn9H9ovVyeApKy11OWOrrOGq8DV68yWeH4ud2lN9fzn4aO8Zb5GLL9m1pUg9nLqIcT+ZDfAcsZe0E/nqdv2lw==}

  '@supabase/postgrest-js@2.117.2':
    resolution: {integrity: sha512-V1Qhn+M8xzJqCasOxHZ2KG19Fj39PxU7weEAmOK65/KTsWCRXboB4hcQwFvxRvM7ZikeP9IZWNvQkfjvSxzYFw==}
    engines: {node: '>=22.0.0'}

  '@supabase/realtime-js@2.117.2':
    resolution: {integrity: sha512-lYXSAIg3eAKA58riUED6Vb+TCzF8jtx18uOoiCaVJ7ZMre6FWBpwB1MPeW+B6vykJT/hPdiuqwcSB7ILMS21ew==}
    engines: {node: '>=22.0.0'}

  '@supabase/storage-js@2.117.2':
    resolution: {integrity: sha512-8gAJoVaxZa/War2kFRfJMxGk4M190Q7lJ70BofwGlRxU/u9pIodd6XyTvmXkxOKXWuIYtkDaYPZrIAUt1T/7FQ==}
    engines: {node: '>=22.0.0'}

  '@supabase/supabase-js@2.117.2':
    resolution: {integrity: sha512-eSG2VKnHR+Clp1PmidZ1/weJ8PJwoybjva3L2GgKqFG4YDS1Iqmc61psKGZP5xw6OMT2O7ZorPR42PY6q1BOXg==}
    engines: {node: '>=22.0.0'}
    peerDependencies:
      '@opentelemetry/api': '>=1.0.0'
    peerDependenciesMeta:
      '@opentelemetry/api':
        optional: true

  '@types/estree@1.0.9':
    resolution: {integrity: sha512-GhdPgy1el4/ImP05X05Uw4cw2/M93BCUmnEvWZNStlCzEKME4Fkk+YpoA5OiHNQmoS7Cafb8Xa3Pya8m1Qrzeg==}

  core-util-is@1.0.3:
    resolution: {integrity: sha512-ZQBvi1DcpJ4GDqanjucZ2Hj3wEO5pZDS89BWbkcrvdxksJorwUDDZamX9ldFkp9aw2lmBDLgkObEA4DWNJ9FYQ==}

  eciesjs@0.5.0:
    resolution: {integrity: sha512-s0J9SEVYAEPg7J63GFMApLYzPH9VNIQIyC6s15JpnqVc0TqcKWdbgFlnAweEBRyMmko2dcs2sfC83Hj4J43tuA==}
    engines: {bun: '>=1', deno: '>=2.7.10', node: '>=16'}

  esbuild@0.28.2:
    resolution: {integrity: sha512-HKVLS8dvII+xoKW9kmqxbRKrnWEXfJJr/FZhhJmiqIB0e053QNYFqOBouTMO/k5sID4MvCiUCvv8b9M4h32wIA==}
    engines: {node: '>=18'}
    hasBin: true

  fdir@6.5.0:
    resolution: {integrity: sha512-tIbYtZbucOs0BRGqPJkshJUYdL+SDH7dVM8gjy+ERp3WAUjLEFJE+02kanyHtwjWOnwrKYBiwAmM0p4kLJAnXg==}
    engines: {node: '>=12.0.0'}
    peerDependencies:
      picomatch: ^3 || ^4
    peerDependenciesMeta:
      picomatch:
        optional: true

  fsevents@2.3.3:
    resolution: {integrity: sha512-5xoDfX+fL7faATnagmWPpbFtwh/R77WmMMqqHGS65C3vvB0YHrgF+B1YmZ3441tMj5n63k0212XNoJwzlhffQw==}
    engines: {node: ^8.16.0 || ^10.6.0 || >=11.0.0}
    os: [darwin]

  iceberg-js@0.8.1:
    resolution: {integrity: sha512-1dhVQZXhcHje7798IVM+xoo/1ZdVfzOMIc8/rgVSijRK38EDqOJoGula9N/8ZI5RD8QTxNQtK/Gozpr+qUqRRA==}
    engines: {node: '>=20.0.0'}

  idb@8.0.3:
    resolution: {integrity: sha512-LtwtVyVYO5BqRvcsKuB2iUMnHwPVByPCXFXOpuU96IZPPoPN6xjOGxZQ74pgSVVLQWtUOYgyeL4GE98BY5D3wg==}

  immediate@3.0.6:
    resolution: {integrity: sha512-XXOFtyqDjNDAQxVfYxuF7g9Il/IbWmmlQg2MYKOH8ExIT1qg6xc4zyS3HaEEATgs1btfzxq15ciUiY7gjSXRGQ==}

  inherits@2.0.4:
    resolution: {integrity: sha512-k/vGaX4/Yla3WzyMCvTQOXYeIHvqOKtnqBduzTHpzpQZzAskKMhZ2K+EnBiSM9zGSoIFeMpXKxa4dYeZIQqewQ==}

  isarray@1.0.0:
    resolution: {integrity: sha512-VLghIWNM6ELQzo7zwmcg0NmTVyWKYjvIeM83yjp0wRDTmUnrM678fQbcKBo6n2CJEF0szoG//ytg+TKla89ALQ==}

  jose@6.2.12:
    resolution: {integrity: sha512-9NiFmJEex0sy2Dk58j2UGBSHgUs2ypF9eZSu4L6vjOX3Dp96Sw1F3uL+H+D1sx02jZZdzUT0HgvCy59CuvXcWw==}

  jszip@3.10.2:
    resolution: {integrity: sha512-3l+rb15IOWtUhU0H5MFqES/T6Kh7abYwjosBey/vD6hDt8zoEffkSC5Ws5SGtgVw3gBx2NEbhTeSW1+kWkpyTQ==}

  lie@3.3.0:
    resolution: {integrity: sha512-UaiMJzeWRlEujzAuw5LokY1L5ecNQYZKfmyZ9L7wDHb/p5etKaxXhohBcrw0EYby+G/NA52vRSN4N39dxHAIwQ==}

  nanoid@3.3.20:
    resolution: {integrity: sha512-uKdg2G3GNCKQn9byYOpxbGqrT2fGO5KRt5J/8b3pok8rT6qxGWF6hxMyJiEYtAf+FVyYuD9hRaDqX5uPFYJ4ZQ==}
    engines: {node: ^10 || ^12 || ^13.7 || ^14 || >=15.0.1}
    hasBin: true

  pako@1.0.11:
    resolution: {integrity: sha512-4hLB8Py4zZce5s4yd9XzopqwVv/yGNhV1Bl8NTmCq1763HeK2+EwVTv+leGeL13Dnh2wfbqowVPXCIO0z4taYw==}

  picocolors@1.1.1:
    resolution: {integrity: sha512-xceH2snhtb5M9liqDsmEw56le376mTZkEX/jEb/RxNFyegNul7eNslCXP9FDj/Lcu0X8KEyMceP2ntpaHrDEVA==}

  picomatch@4.0.7:
    resolution: {integrity: sha512-qcJu88Q2IWqJsDD529JKMdwGm/dvInW4HvQnRwiH9JtihJvzGOscDtHE3x1pBKeUOTysQ8kVmLnJ2kJu7yhcGA==}
    engines: {node: '>=12'}

  postcss@8.5.29:
    resolution: {integrity: sha512-49cGhUbXj8Qenv0iTMxA1cFBzxXoctpC9Ujd77t1WcbJIr6nF/eI7g/8MgxrYldFRuAXvja7xQRwavoW7kgrxQ==}
    engines: {node: ^10 || ^12 || >=14}

  process-nextick-args@2.0.1:
    resolution: {integrity: sha512-3ouUOpQhtgrbOa17J7+uxOTpITYWaGP7/AhoR3+A+/1e9skrzelGi/dXzEYyvbxubEF6Wn2ypscTKiKJFFn1ag==}

  readable-stream@2.3.8:
    resolution: {integrity: sha512-8p0AUk4XODgIewSi0l8Epjs+EVnWiK7NoDIEGU0HhE7+ZyY8D1IMY7odu5lRrFXGg71L15KG8QrPmum45RTtdA==}

  rollup@4.64.0:
    resolution: {integrity: sha512-gjA/kFeDfffII8COoPsvLPvE16hWDTEc1+0QKQNKUkuV8iJjqsC4xXs8/FzuL0v9EV39kuxTbAgcFoTRyy2TGQ==}
    engines: {node: '>=18.0.0', npm: '>=8.0.0'}
    hasBin: true

  safe-buffer@5.1.2:
    resolution: {integrity: sha512-Gd2UZBJDkXlY7GbJxfsE8/nvKkUEU1G38c1siN6QP6a9PT9MmHB8GnpscSmMJSoF8LOIrt8ud/wPtojys4G6+g==}

  setimmediate@1.0.5:
    resolution: {integrity: sha512-MATJdZp8sLqDl/68LfQmbP8zKPLQNV6BIZoIgrscFDQ+RsvK/BxeDQOgyxKKoh0y/8h3BqVFnCqQ/gd+reiIXA==}

  source-map-js@1.2.2:
    resolution: {integrity: sha512-KGj/8Y43x35aZVDtt+J4mK1hoLGHULMYfSkODJNQjNDC3oW1PqPoxMwo0pLUsWM/UEGzON/NxeHywEfNXNP3Vw==}
    engines: {node: '>=0.10.0'}

  string_decoder@1.1.1:
    resolution: {integrity: sha512-n/ShnvDi6FHbbVfviro+WojiFzv+s8MPMHBczVePfUpDJLwoLT0ht1l4YwBCbi8pJAveEEdnkHyPyTP/mzRfwg==}

  supabase@2.119.0:
    resolution: {integrity: sha512-0VYIdQBjAJj6+xlNso2JDI//KibEYM8USvimHJauPpuFZdOsj+dutM84ofLtAHlF2UFGzriT1C4qH2hHj9EJxw==}
    hasBin: true

  tinyglobby@0.2.17:
    resolution: {integrity: sha512-wXR/dYpcqKmfWpEdZjiKJOwCNFndD0DMnrW/cYjVGttEkBfVgcLFHoNrlj47mjOVic9yyNu65alsgF4NQyTa2g==}
    engines: {node: '>=12.0.0'}

  tslib@2.8.1:
    resolution: {integrity: sha512-oJFu94HQb+KVduSUQL7wnpmqnfmLsOA/nAh6b6EH0wCEoK0/mPeXU6c3wKDV83MkOuHPRHtSXKKU99IBazS/2w==}

  util-deprecate@1.0.2:
    resolution: {integrity: sha512-EPD5q1uXyFxJpCrLnCc1nHnq3gOa6DZBocAIiI2TaSCA7VCJ1UJDMagCzIkXNsUYfD1daK//LTEQ8xiIbrHtcw==}

  vite@7.3.6:
    resolution: {integrity: sha512-4XP60spRGjSZFf1qYH+dJIkK2znL3zQfl9KkOV9MkkRR/3Dls0dxaBsQPTloEc5BLXWPL9vsOxopxyKoMmDueg==}
    engines: {node: ^20.19.0 || >=22.12.0}
    hasBin: true
    peerDependencies:
      '@types/node': ^20.19.0 || >=22.12.0
      jiti: '>=1.21.0'
      less: ^4.0.0
      lightningcss: ^1.21.0
      sass: ^1.70.0
      sass-embedded: ^1.70.0
      stylus: '>=0.54.8'
      sugarss: ^5.0.0
      terser: ^5.16.0
      tsx: ^4.8.1
      yaml: ^2.4.2
    peerDependenciesMeta:
      '@types/node':
        optional: true
      jiti:
        optional: true
      less:
        optional: true
      lightningcss:
        optional: true
      sass:
        optional: true
      sass-embedded:
        optional: true
      stylus:
        optional: true
      sugarss:
        optional: true
      terser:
        optional: true
      tsx:
        optional: true
      yaml:
        optional: true

snapshots:

  '@ecies/ciphers@0.2.6(@noble/ciphers@1.3.0)':
    dependencies:
      '@noble/ciphers': 1.3.0

  '@esbuild/aix-ppc64@0.28.2':
    optional: true

  '@esbuild/android-arm64@0.28.2':
    optional: true

  '@esbuild/android-arm@0.28.2':
    optional: true

  '@esbuild/android-x64@0.28.2':
    optional: true

  '@esbuild/darwin-arm64@0.28.2':
    optional: true

  '@esbuild/darwin-x64@0.28.2':
    optional: true

  '@esbuild/freebsd-arm64@0.28.2':
    optional: true

  '@esbuild/freebsd-x64@0.28.2':
    optional: true

  '@esbuild/linux-arm64@0.28.2':
    optional: true

  '@esbuild/linux-arm@0.28.2':
    optional: true

  '@esbuild/linux-ia32@0.28.2':
    optional: true

  '@esbuild/linux-loong64@0.28.2':
    optional: true

  '@esbuild/linux-mips64el@0.28.2':
    optional: true

  '@esbuild/linux-ppc64@0.28.2':
    optional: true

  '@esbuild/linux-riscv64@0.28.2':
    optional: true

  '@esbuild/linux-s390x@0.28.2':
    optional: true

  '@esbuild/linux-x64@0.28.2':
    optional: true

  '@esbuild/netbsd-arm64@0.28.2':
    optional: true

  '@esbuild/netbsd-x64@0.28.2':
    optional: true

  '@esbuild/openbsd-arm64@0.28.2':
    optional: true

  '@esbuild/openbsd-x64@0.28.2':
    optional: true

  '@esbuild/openharmony-arm64@0.28.2':
    optional: true

  '@esbuild/sunos-x64@0.28.2':
    optional: true

  '@esbuild/win32-arm64@0.28.2':
    optional: true

  '@esbuild/win32-ia32@0.28.2':
    optional: true

  '@esbuild/win32-x64@0.28.2':
    optional: true

  '@napi-rs/lzma-linux-x64-gnu@1.5.1':
    optional: true

  '@noble/ciphers@1.3.0': {}

  '@noble/curves@1.9.7':
    dependencies:
      '@noble/hashes': 1.8.0

  '@noble/hashes@1.8.0': {}

  '@rollup/rollup-android-arm-eabi@4.64.0':
    optional: true

  '@rollup/rollup-android-arm64@4.64.0':
    optional: true

  '@rollup/rollup-darwin-arm64@4.64.0':
    optional: true

  '@rollup/rollup-darwin-x64@4.64.0':
    optional: true

  '@rollup/rollup-freebsd-arm64@4.64.0':
    optional: true

  '@rollup/rollup-freebsd-x64@4.64.0':
    optional: true

  '@rollup/rollup-linux-arm-gnueabihf@4.64.0':
    optional: true

  '@rollup/rollup-linux-arm-musleabihf@4.64.0':
    optional: true

  '@rollup/rollup-linux-arm64-gnu@4.64.0':
    optional: true

  '@rollup/rollup-linux-arm64-musl@4.64.0':
    optional: true

  '@rollup/rollup-linux-loong64-gnu@4.64.0':
    optional: true

  '@rollup/rollup-linux-loong64-musl@4.64.0':
    optional: true

  '@rollup/rollup-linux-ppc64-gnu@4.64.0':
    optional: true

  '@rollup/rollup-linux-ppc64-musl@4.64.0':
    optional: true

  '@rollup/rollup-linux-riscv64-gnu@4.64.0':
    optional: true

  '@rollup/rollup-linux-riscv64-musl@4.64.0':
    optional: true

  '@rollup/rollup-linux-s390x-gnu@4.64.0':
    optional: true

  '@rollup/rollup-linux-x64-gnu@4.64.0':
    optional: true

  '@rollup/rollup-linux-x64-musl@4.64.0':
    optional: true

  '@rollup/rollup-openbsd-x64@4.64.0':
    optional: true

  '@rollup/rollup-openharmony-arm64@4.64.0':
    optional: true

  '@rollup/rollup-win32-arm64-msvc@4.64.0':
    optional: true

  '@rollup/rollup-win32-ia32-msvc@4.64.0':
    optional: true

  '@rollup/rollup-win32-x64-gnu@4.64.0':
    optional: true

  '@rollup/rollup-win32-x64-msvc@4.64.0':
    optional: true

  '@supabase/auth-js@2.117.2':
    dependencies:
      tslib: 2.8.1

  '@supabase/cli-darwin-arm64@2.119.0':
    optional: true

  '@supabase/cli-darwin-x64@2.119.0':
    optional: true

  '@supabase/cli-linux-arm64-musl@2.119.0':
    optional: true

  '@supabase/cli-linux-arm64@2.119.0':
    optional: true

  '@supabase/cli-linux-x64-musl@2.119.0':
    optional: true

  '@supabase/cli-linux-x64@2.119.0':
    optional: true

  '@supabase/cli-windows-arm64@2.119.0':
    optional: true

  '@supabase/cli-windows-x64@2.119.0':
    optional: true

  '@supabase/functions-js@2.117.2':
    dependencies:
      tslib: 2.8.1

  '@supabase/phoenix@0.4.5': {}

  '@supabase/postgrest-js@2.117.2':
    dependencies:
      tslib: 2.8.1

  '@supabase/realtime-js@2.117.2':
    dependencies:
      '@supabase/phoenix': 0.4.5
      tslib: 2.8.1

  '@supabase/storage-js@2.117.2':
    dependencies:
      iceberg-js: 0.8.1
      tslib: 2.8.1

  '@supabase/supabase-js@2.117.2':
    dependencies:
      '@supabase/auth-js': 2.117.2
      '@supabase/functions-js': 2.117.2
      '@supabase/postgrest-js': 2.117.2
      '@supabase/realtime-js': 2.117.2
      '@supabase/storage-js': 2.117.2

  '@types/estree@1.0.9': {}

  core-util-is@1.0.3: {}

  eciesjs@0.5.0:
    dependencies:
      '@ecies/ciphers': 0.2.6(@noble/ciphers@1.3.0)
      '@noble/ciphers': 1.3.0
      '@noble/curves': 1.9.7
      '@noble/hashes': 1.8.0

  esbuild@0.28.2:
    optionalDependencies:
      '@esbuild/aix-ppc64': 0.28.2
      '@esbuild/android-arm': 0.28.2
      '@esbuild/android-arm64': 0.28.2
      '@esbuild/android-x64': 0.28.2
      '@esbuild/darwin-arm64': 0.28.2
      '@esbuild/darwin-x64': 0.28.2
      '@esbuild/freebsd-arm64': 0.28.2
      '@esbuild/freebsd-x64': 0.28.2
      '@esbuild/linux-arm': 0.28.2
      '@esbuild/linux-arm64': 0.28.2
      '@esbuild/linux-ia32': 0.28.2
      '@esbuild/linux-loong64': 0.28.2
      '@esbuild/linux-mips64el': 0.28.2
      '@esbuild/linux-ppc64': 0.28.2
      '@esbuild/linux-riscv64': 0.28.2
      '@esbuild/linux-s390x': 0.28.2
      '@esbuild/linux-x64': 0.28.2
      '@esbuild/netbsd-arm64': 0.28.2
      '@esbuild/netbsd-x64': 0.28.2
      '@esbuild/openbsd-arm64': 0.28.2
      '@esbuild/openbsd-x64': 0.28.2
      '@esbuild/openharmony-arm64': 0.28.2
      '@esbuild/sunos-x64': 0.28.2
      '@esbuild/win32-arm64': 0.28.2
      '@esbuild/win32-ia32': 0.28.2
      '@esbuild/win32-x64': 0.28.2

  fdir@6.5.0(picomatch@4.0.7):
    optionalDependencies:
      picomatch: 4.0.7

  fsevents@2.3.3:
    optional: true

  iceberg-js@0.8.1: {}

  idb@8.0.3: {}

  immediate@3.0.6: {}

  inherits@2.0.4: {}

  isarray@1.0.0: {}

  jose@6.2.12: {}

  jszip@3.10.2:
    dependencies:
      lie: 3.3.0
      pako: 1.0.11
      readable-stream: 2.3.8
      setimmediate: 1.0.5

  lie@3.3.0:
    dependencies:
      immediate: 3.0.6

  nanoid@3.3.20: {}

  pako@1.0.11: {}

  picocolors@1.1.1: {}

  picomatch@4.0.7: {}

  postcss@8.5.29:
    dependencies:
      nanoid: 3.3.20
      picocolors: 1.1.1
      source-map-js: 1.2.2

  process-nextick-args@2.0.1: {}

  readable-stream@2.3.8:
    dependencies:
      core-util-is: 1.0.3
      inherits: 2.0.4
      isarray: 1.0.0
      process-nextick-args: 2.0.1
      safe-buffer: 5.1.2
      string_decoder: 1.1.1
      util-deprecate: 1.0.2

  rollup@4.64.0:
    dependencies:
      '@types/estree': 1.0.9
    optionalDependencies:
      '@napi-rs/lzma-linux-x64-gnu': 1.5.1
      '@rollup/rollup-android-arm-eabi': 4.64.0
      '@rollup/rollup-android-arm64': 4.64.0
      '@rollup/rollup-darwin-arm64': 4.64.0
      '@rollup/rollup-darwin-x64': 4.64.0
      '@rollup/rollup-freebsd-arm64': 4.64.0
      '@rollup/rollup-freebsd-x64': 4.64.0
      '@rollup/rollup-linux-arm-gnueabihf': 4.64.0
      '@rollup/rollup-linux-arm-musleabihf': 4.64.0
      '@rollup/rollup-linux-arm64-gnu': 4.64.0
      '@rollup/rollup-linux-arm64-musl': 4.64.0
      '@rollup/rollup-linux-loong64-gnu': 4.64.0
      '@rollup/rollup-linux-loong64-musl': 4.64.0
      '@rollup/rollup-linux-ppc64-gnu': 4.64.0
      '@rollup/rollup-linux-ppc64-musl': 4.64.0
      '@rollup/rollup-linux-riscv64-gnu': 4.64.0
      '@rollup/rollup-linux-riscv64-musl': 4.64.0
      '@rollup/rollup-linux-s390x-gnu': 4.64.0
      '@rollup/rollup-linux-x64-gnu': 4.64.0
      '@rollup/rollup-linux-x64-musl': 4.64.0
      '@rollup/rollup-openbsd-x64': 4.64.0
      '@rollup/rollup-openharmony-arm64': 4.64.0
      '@rollup/rollup-win32-arm64-msvc': 4.64.0
      '@rollup/rollup-win32-ia32-msvc': 4.64.0
      '@rollup/rollup-win32-x64-gnu': 4.64.0
      '@rollup/rollup-win32-x64-msvc': 4.64.0
      fsevents: 2.3.3

  safe-buffer@5.1.2: {}

  setimmediate@1.0.5: {}

  source-map-js@1.2.2: {}

  string_decoder@1.1.1:
    dependencies:
      safe-buffer: 5.1.2

  supabase@2.119.0:
    dependencies:
      eciesjs: 0.5.0
      jose: 6.2.12
    optionalDependencies:
      '@supabase/cli-darwin-arm64': 2.119.0
      '@supabase/cli-darwin-x64': 2.119.0
      '@supabase/cli-linux-arm64': 2.119.0
      '@supabase/cli-linux-arm64-musl': 2.119.0
      '@supabase/cli-linux-x64': 2.119.0
      '@supabase/cli-linux-x64-musl': 2.119.0
      '@supabase/cli-windows-arm64': 2.119.0
      '@supabase/cli-windows-x64': 2.119.0

  tinyglobby@0.2.17:
    dependencies:
      fdir: 6.5.0(picomatch@4.0.7)
      picomatch: 4.0.7

  tslib@2.8.1: {}

  util-deprecate@1.0.2: {}

  vite@7.3.6:
    dependencies:
      esbuild: 0.28.2
      fdir: 6.5.0(picomatch@4.0.7)
      picomatch: 4.0.7
      postcss: 8.5.29
      rollup: 4.64.0
      tinyglobby: 0.2.17
    optionalDependencies:
      fsevents: 2.3.3
